
Microsoft Visual Studio Solution File, Format Version 12.00
# Visual Studio Version 17
VisualStudioVersion = 17.6.33829.357
MinimumVisualStudioVersion = 10.0.40219.1
Project("{FAE04EC0-301F-11D3-BF4B-00C04F79EFBC}") = "calculadora", "calculadora.csproj", "{026A7D9B-BA86-4973-A6AF-5BF8DB57FFC1}"
EndProject
Project("{FAE04EC0-301F-11D3-BF4B-00C04F79EFBC}") = "atribuicao", "..\atribuicao\atribuicao.csproj", "{51F633CE-20EF-4974-8FF6-5DFFE897D087}"
EndProject
Project("{FAE04EC0-301F-11D3-BF4B-00C04F79EFBC}") = "exercicio1", "..\exercicio1\exercicio1.csproj", "{BA97D977-11C0-461D-840D-036A52652287}"
EndProject
Global
	GlobalSection(SolutionConfigurationPlatforms) = preSolution
		Debug|Any CPU = Debug|Any CPU
		Release|Any CPU = Release|Any CPU
	EndGlobalSection
	GlobalSection(ProjectConfigurationPlatforms) = postSolution
		{026A7D9B-BA86-4973-A6AF-5BF8DB57FFC1}.Debug|Any CPU.ActiveCfg = Debug|Any CPU
		{026A7D9B-BA86-4973-A6AF-5BF8DB57FFC1}.Debug|Any CPU.Build.0 = Debug|Any CPU
		{026A7D9B-BA86-4973-A6AF-5BF8DB57FFC1}.Release|Any CPU.ActiveCfg = Release|Any CPU
		{026A7D9B-BA86-4973-A6AF-5BF8DB57FFC1}.Release|Any CPU.Build.0 = Release|Any CPU
		{51F633CE-20EF-4974-8FF6-5DFFE897D087}.Debug|Any CPU.ActiveCfg = Debug|Any CPU
		{51F633CE-20EF-4974-8FF6-5DFFE897D087}.Debug|Any CPU.Build.0 = Debug|Any CPU
		{51F633CE-20EF-4974-8FF6-5DFFE897D087}.Release|Any CPU.ActiveCfg = Release|Any CPU
		{51F633CE-20EF-4974-8FF6-5DFFE897D087}.Release|Any CPU.Build.0 = Release|Any CPU
		{BA97D977-11C0-461D-840D-036A52652287}.Debug|Any CPU.ActiveCfg = Debug|Any CPU
		{BA97D977-11C0-461D-840D-036A52652287}.Debug|Any CPU.Build.0 = Debug|Any CPU
		{BA97D977-11C0-461D-840D-036A52652287}.Release|Any CPU.ActiveCfg = Release|Any CPU
		{BA97D977-11C0-461D-840D-036A52652287}.Release|Any CPU.Build.0 = Release|Any CPU
	EndGlobalSection
	GlobalSection(SolutionProperties) = preSolution
		HideSolutionNode = FALSE
	EndGlobalSection
	GlobalSection(ExtensibilityGlobals) = postSolution
		SolutionGuid = {6B8AE5EC-EC34-4822-8FE4-DFA7B1475691}
	EndGlobalSection
EndGlobal
