
Microsoft Visual Studio Solution File, Format Version 12.00
# Visual Studio Version 17
VisualStudioVersion = 17.6.33829.357
MinimumVisualStudioVersion = 10.0.40219.1
Project("{FAE04EC0-301F-11D3-BF4B-00C04F79EFBC}") = "exercicio3", "exercicio3.csproj", "{BB2FD853-AB7D-47EC-83F5-820A91519BC8}"
EndProject
Project("{FAE04EC0-301F-11D3-BF4B-00C04F79EFBC}") = "exercicio4", "..\exercicio4\exercicio4.csproj", "{67737337-940E-41F0-B20E-38FEA5B0A539}"
EndProject
Project("{FAE04EC0-301F-11D3-BF4B-00C04F79EFBC}") = "animaisex04", "..\animaisex04\animaisex04.csproj", "{E6ABA19F-7C22-45FE-8C0E-A1DA8DAD69CD}"
EndProject
Global
	GlobalSection(SolutionConfigurationPlatforms) = preSolution
		Debug|Any CPU = Debug|Any CPU
		Release|Any CPU = Release|Any CPU
	EndGlobalSection
	GlobalSection(ProjectConfigurationPlatforms) = postSolution
		{BB2FD853-AB7D-47EC-83F5-820A91519BC8}.Debug|Any CPU.ActiveCfg = Debug|Any CPU
		{BB2FD853-AB7D-47EC-83F5-820A91519BC8}.Debug|Any CPU.Build.0 = Debug|Any CPU
		{BB2FD853-AB7D-47EC-83F5-820A91519BC8}.Release|Any CPU.ActiveCfg = Release|Any CPU
		{BB2FD853-AB7D-47EC-83F5-820A91519BC8}.Release|Any CPU.Build.0 = Release|Any CPU
		{67737337-940E-41F0-B20E-38FEA5B0A539}.Debug|Any CPU.ActiveCfg = Debug|Any CPU
		{67737337-940E-41F0-B20E-38FEA5B0A539}.Debug|Any CPU.Build.0 = Debug|Any CPU
		{67737337-940E-41F0-B20E-38FEA5B0A539}.Release|Any CPU.ActiveCfg = Release|Any CPU
		{67737337-940E-41F0-B20E-38FEA5B0A539}.Release|Any CPU.Build.0 = Release|Any CPU
		{E6ABA19F-7C22-45FE-8C0E-A1DA8DAD69CD}.Debug|Any CPU.ActiveCfg = Debug|Any CPU
		{E6ABA19F-7C22-45FE-8C0E-A1DA8DAD69CD}.Debug|Any CPU.Build.0 = Debug|Any CPU
		{E6ABA19F-7C22-45FE-8C0E-A1DA8DAD69CD}.Release|Any CPU.ActiveCfg = Release|Any CPU
		{E6ABA19F-7C22-45FE-8C0E-A1DA8DAD69CD}.Release|Any CPU.Build.0 = Release|Any CPU
	EndGlobalSection
	GlobalSection(SolutionProperties) = preSolution
		HideSolutionNode = FALSE
	EndGlobalSection
	GlobalSection(ExtensibilityGlobals) = postSolution
		SolutionGuid = {51104520-EC48-417A-B1CF-A6857D990112}
	EndGlobalSection
EndGlobal
