
Microsoft Visual Studio Solution File, Format Version 12.00
# Visual Studio Version 17
VisualStudioVersion = 17.6.33829.357
MinimumVisualStudioVersion = 10.0.40219.1
Project("{FAE04EC0-301F-11D3-BF4B-00C04F79EFBC}") = "lambda", "lambda.csproj", "{75BA9238-BE00-4447-A4F1-2CDBED0D1677}"
EndProject
Global
	GlobalSection(SolutionConfigurationPlatforms) = preSolution
		Debug|Any CPU = Debug|Any CPU
		Release|Any CPU = Release|Any CPU
	EndGlobalSection
	GlobalSection(ProjectConfigurationPlatforms) = postSolution
		{75BA9238-BE00-4447-A4F1-2CDBED0D1677}.Debug|Any CPU.ActiveCfg = Debug|Any CPU
		{75BA9238-BE00-4447-A4F1-2CDBED0D1677}.Debug|Any CPU.Build.0 = Debug|Any CPU
		{75BA9238-BE00-4447-A4F1-2CDBED0D1677}.Release|Any CPU.ActiveCfg = Release|Any CPU
		{75BA9238-BE00-4447-A4F1-2CDBED0D1677}.Release|Any CPU.Build.0 = Release|Any CPU
	EndGlobalSection
	GlobalSection(SolutionProperties) = preSolution
		HideSolutionNode = FALSE
	EndGlobalSection
	GlobalSection(ExtensibilityGlobals) = postSolution
		SolutionGuid = {061903F3-751A-43A1-8845-E47AB3B9C8BA}
	EndGlobalSection
EndGlobal
