
Microsoft Visual Studio Solution File, Format Version 12.00
# Visual Studio Version 17
VisualStudioVersion = 17.6.33829.357
MinimumVisualStudioVersion = 10.0.40219.1
Project("{FAE04EC0-301F-11D3-BF4B-00C04F79EFBC}") = "exrcicio07_switch", "exrcicio07_switch.csproj", "{3AD5DEF4-A4BF-4A15-84B3-63110C9AF30F}"
EndProject
Global
	GlobalSection(SolutionConfigurationPlatforms) = preSolution
		Debug|Any CPU = Debug|Any CPU
		Release|Any CPU = Release|Any CPU
	EndGlobalSection
	GlobalSection(ProjectConfigurationPlatforms) = postSolution
		{3AD5DEF4-A4BF-4A15-84B3-63110C9AF30F}.Debug|Any CPU.ActiveCfg = Debug|Any CPU
		{3AD5DEF4-A4BF-4A15-84B3-63110C9AF30F}.Debug|Any CPU.Build.0 = Debug|Any CPU
		{3AD5DEF4-A4BF-4A15-84B3-63110C9AF30F}.Release|Any CPU.ActiveCfg = Release|Any CPU
		{3AD5DEF4-A4BF-4A15-84B3-63110C9AF30F}.Release|Any CPU.Build.0 = Release|Any CPU
	EndGlobalSection
	GlobalSection(SolutionProperties) = preSolution
		HideSolutionNode = FALSE
	EndGlobalSection
	GlobalSection(ExtensibilityGlobals) = postSolution
		SolutionGuid = {4D731977-9A23-4C26-91BA-17221BD1E239}
	EndGlobalSection
EndGlobal
