
Microsoft Visual Studio Solution File, Format Version 12.00
# Visual Studio Version 17
VisualStudioVersion = 17.6.33829.357
MinimumVisualStudioVersion = 10.0.40219.1
Project("{FAE04EC0-301F-11D3-BF4B-00C04F79EFBC}") = "transportes", "transportes.csproj", "{CE8E786B-BB45-4E23-B94D-ACE5AA5E602B}"
EndProject
Global
	GlobalSection(SolutionConfigurationPlatforms) = preSolution
		Debug|Any CPU = Debug|Any CPU
		Release|Any CPU = Release|Any CPU
	EndGlobalSection
	GlobalSection(ProjectConfigurationPlatforms) = postSolution
		{CE8E786B-BB45-4E23-B94D-ACE5AA5E602B}.Debug|Any CPU.ActiveCfg = Debug|Any CPU
		{CE8E786B-BB45-4E23-B94D-ACE5AA5E602B}.Debug|Any CPU.Build.0 = Debug|Any CPU
		{CE8E786B-BB45-4E23-B94D-ACE5AA5E602B}.Release|Any CPU.ActiveCfg = Release|Any CPU
		{CE8E786B-BB45-4E23-B94D-ACE5AA5E602B}.Release|Any CPU.Build.0 = Release|Any CPU
	EndGlobalSection
	GlobalSection(SolutionProperties) = preSolution
		HideSolutionNode = FALSE
	EndGlobalSection
	GlobalSection(ExtensibilityGlobals) = postSolution
		SolutionGuid = {CEFFA0AA-F3D4-48F0-B021-518E2879CB1A}
	EndGlobalSection
EndGlobal
