
Microsoft Visual Studio Solution File, Format Version 12.00
# Visual Studio Version 17
VisualStudioVersion = 17.6.33829.357
MinimumVisualStudioVersion = 10.0.40219.1
Project("{FAE04EC0-301F-11D3-BF4B-00C04F79EFBC}") = "exercicio_while", "exercicio_while.csproj", "{2001F778-E39B-48F0-854E-F6EEF751E394}"
EndProject
Global
	GlobalSection(SolutionConfigurationPlatforms) = preSolution
		Debug|Any CPU = Debug|Any CPU
		Release|Any CPU = Release|Any CPU
	EndGlobalSection
	GlobalSection(ProjectConfigurationPlatforms) = postSolution
		{2001F778-E39B-48F0-854E-F6EEF751E394}.Debug|Any CPU.ActiveCfg = Debug|Any CPU
		{2001F778-E39B-48F0-854E-F6EEF751E394}.Debug|Any CPU.Build.0 = Debug|Any CPU
		{2001F778-E39B-48F0-854E-F6EEF751E394}.Release|Any CPU.ActiveCfg = Release|Any CPU
		{2001F778-E39B-48F0-854E-F6EEF751E394}.Release|Any CPU.Build.0 = Release|Any CPU
	EndGlobalSection
	GlobalSection(SolutionProperties) = preSolution
		HideSolutionNode = FALSE
	EndGlobalSection
	GlobalSection(ExtensibilityGlobals) = postSolution
		SolutionGuid = {432BF914-FB36-43F7-9629-E7896A4E11D0}
	EndGlobalSection
EndGlobal
